# THIS IS AN AUTOGENERATED FILE. DO NOT EDIT THIS FILE DIRECTLY.
# yarn lockfile v1


miniprogram-datepicker@^0.2.0:
  version "0.2.0"
  resolved "https://registry.yarnpkg.com/miniprogram-datepicker/-/miniprogram-datepicker-0.2.0.tgz#5479715496a9a3e3dbc30b2d87597f50b07c2fff"
  integrity sha512-X6fZOFaehu5pJpxLEC/1+rnqYiTY7YD3Op+WPICtC4fhUxV4BdLzi+QmBmOZA9klxkBStO4ZRZD+irSW+rFyIA==
